
Microsoft Visual Studio Solution File, Format Version 12.00
# Visual Studio Version 17
VisualStudioVersion = 17.0.31903.59
MinimumVisualStudioVersion = 10.0.40219.1
Project("{FAE04EC0-301F-11D3-BF4B-00C04F79EFBC}") = "Day1", "Day1\Day1.csproj", "{35B00230-5C9A-4A9F-AA02-F14786B06037}"
EndProject
Project("{FAE04EC0-301F-11D3-BF4B-00C04F79EFBC}") = "Day2", "Day2\Day2.csproj", "{132F97AA-C074-4492-BDCC-0B408834A284}"
EndProject
Project("{FAE04EC0-301F-11D3-BF4B-00C04F79EFBC}") = "Day3", "Day3\Day3.csproj", "{628FF5D8-1244-4F0D-B4A0-277CA6C92258}"
EndProject
Project("{FAE04EC0-301F-11D3-BF4B-00C04F79EFBC}") = "Day4", "Day4\Day4.csproj", "{2740CBF4-282B-4969-99CA-47067E7BD9A6}"
EndProject
Project("{FAE04EC0-301F-11D3-BF4B-00C04F79EFBC}") = "Day5", "Day5\Day5.csproj", "{84AFB21D-7F3E-4230-8401-062363ADE9B2}"
EndProject
Project("{FAE04EC0-301F-11D3-BF4B-00C04F79EFBC}") = "Day6", "Day6\Day6.csproj", "{C754A7BD-E81E-4C19-AB23-07A72F2495E5}"
EndProject
Project("{FAE04EC0-301F-11D3-BF4B-00C04F79EFBC}") = "Day7", "Day7\Day7.csproj", "{14D3DF3E-6B2B-4E96-BCAE-CCDFDF398A04}"
EndProject
Project("{FAE04EC0-301F-11D3-BF4B-00C04F79EFBC}") = "Day8", "Day8\Day8.csproj", "{17A206CA-4C0D-42CD-8E50-2010D70F3AE5}"
EndProject
Project("{FAE04EC0-301F-11D3-BF4B-00C04F79EFBC}") = "Day9", "Day9\Day9.csproj", "{8EB31078-4FCB-4D08-96F7-9E8663539285}"
EndProject
Global
	GlobalSection(SolutionConfigurationPlatforms) = preSolution
		Debug|Any CPU = Debug|Any CPU
		Release|Any CPU = Release|Any CPU
	EndGlobalSection
	GlobalSection(SolutionProperties) = preSolution
		HideSolutionNode = FALSE
	EndGlobalSection
	GlobalSection(ProjectConfigurationPlatforms) = postSolution
		{35B00230-5C9A-4A9F-AA02-F14786B06037}.Debug|Any CPU.ActiveCfg = Debug|Any CPU
		{35B00230-5C9A-4A9F-AA02-F14786B06037}.Debug|Any CPU.Build.0 = Debug|Any CPU
		{35B00230-5C9A-4A9F-AA02-F14786B06037}.Release|Any CPU.ActiveCfg = Release|Any CPU
		{35B00230-5C9A-4A9F-AA02-F14786B06037}.Release|Any CPU.Build.0 = Release|Any CPU
		{132F97AA-C074-4492-BDCC-0B408834A284}.Debug|Any CPU.ActiveCfg = Debug|Any CPU
		{132F97AA-C074-4492-BDCC-0B408834A284}.Debug|Any CPU.Build.0 = Debug|Any CPU
		{132F97AA-C074-4492-BDCC-0B408834A284}.Release|Any CPU.ActiveCfg = Release|Any CPU
		{132F97AA-C074-4492-BDCC-0B408834A284}.Release|Any CPU.Build.0 = Release|Any CPU
		{628FF5D8-1244-4F0D-B4A0-277CA6C92258}.Debug|Any CPU.ActiveCfg = Debug|Any CPU
		{628FF5D8-1244-4F0D-B4A0-277CA6C92258}.Debug|Any CPU.Build.0 = Debug|Any CPU
		{628FF5D8-1244-4F0D-B4A0-277CA6C92258}.Release|Any CPU.ActiveCfg = Release|Any CPU
		{628FF5D8-1244-4F0D-B4A0-277CA6C92258}.Release|Any CPU.Build.0 = Release|Any CPU
		{2740CBF4-282B-4969-99CA-47067E7BD9A6}.Debug|Any CPU.ActiveCfg = Debug|Any CPU
		{2740CBF4-282B-4969-99CA-47067E7BD9A6}.Debug|Any CPU.Build.0 = Debug|Any CPU
		{2740CBF4-282B-4969-99CA-47067E7BD9A6}.Release|Any CPU.ActiveCfg = Release|Any CPU
		{2740CBF4-282B-4969-99CA-47067E7BD9A6}.Release|Any CPU.Build.0 = Release|Any CPU
		{84AFB21D-7F3E-4230-8401-062363ADE9B2}.Debug|Any CPU.ActiveCfg = Debug|Any CPU
		{84AFB21D-7F3E-4230-8401-062363ADE9B2}.Debug|Any CPU.Build.0 = Debug|Any CPU
		{84AFB21D-7F3E-4230-8401-062363ADE9B2}.Release|Any CPU.ActiveCfg = Release|Any CPU
		{84AFB21D-7F3E-4230-8401-062363ADE9B2}.Release|Any CPU.Build.0 = Release|Any CPU
		{C754A7BD-E81E-4C19-AB23-07A72F2495E5}.Debug|Any CPU.ActiveCfg = Debug|Any CPU
		{C754A7BD-E81E-4C19-AB23-07A72F2495E5}.Debug|Any CPU.Build.0 = Debug|Any CPU
		{C754A7BD-E81E-4C19-AB23-07A72F2495E5}.Release|Any CPU.ActiveCfg = Release|Any CPU
		{C754A7BD-E81E-4C19-AB23-07A72F2495E5}.Release|Any CPU.Build.0 = Release|Any CPU
		{14D3DF3E-6B2B-4E96-BCAE-CCDFDF398A04}.Debug|Any CPU.ActiveCfg = Debug|Any CPU
		{14D3DF3E-6B2B-4E96-BCAE-CCDFDF398A04}.Debug|Any CPU.Build.0 = Debug|Any CPU
		{14D3DF3E-6B2B-4E96-BCAE-CCDFDF398A04}.Release|Any CPU.ActiveCfg = Release|Any CPU
		{14D3DF3E-6B2B-4E96-BCAE-CCDFDF398A04}.Release|Any CPU.Build.0 = Release|Any CPU
		{17A206CA-4C0D-42CD-8E50-2010D70F3AE5}.Debug|Any CPU.ActiveCfg = Debug|Any CPU
		{17A206CA-4C0D-42CD-8E50-2010D70F3AE5}.Debug|Any CPU.Build.0 = Debug|Any CPU
		{17A206CA-4C0D-42CD-8E50-2010D70F3AE5}.Release|Any CPU.ActiveCfg = Release|Any CPU
		{17A206CA-4C0D-42CD-8E50-2010D70F3AE5}.Release|Any CPU.Build.0 = Release|Any CPU
		{8EB31078-4FCB-4D08-96F7-9E8663539285}.Debug|Any CPU.ActiveCfg = Debug|Any CPU
		{8EB31078-4FCB-4D08-96F7-9E8663539285}.Debug|Any CPU.Build.0 = Debug|Any CPU
		{8EB31078-4FCB-4D08-96F7-9E8663539285}.Release|Any CPU.ActiveCfg = Release|Any CPU
		{8EB31078-4FCB-4D08-96F7-9E8663539285}.Release|Any CPU.Build.0 = Release|Any CPU
	EndGlobalSection
EndGlobal
